
Microsoft Visual Studio Solution File, Format Version 12.00
# Visual Studio Version 16
VisualStudioVersion = 16.0.30823.77
MinimumVisualStudioVersion = 10.0.40219.1
Project("{FAE04EC0-301F-11D3-BF4B-00C04F79EFBC}") = "SimpleWebAppWithNoAuth1", "SimpleWebAppWithNoAuth1\SimpleWebAppWithNoAuth1.csproj", "{113F1C88-32BC-42E0-A8A8-AB16388FC595}"
EndProject
Global
	GlobalSection(SolutionConfigurationPlatforms) = preSolution
		Debug|Any CPU = Debug|Any CPU
		Release|Any CPU = Release|Any CPU
	EndGlobalSection
	GlobalSection(ProjectConfigurationPlatforms) = postSolution
		{113F1C88-32BC-42E0-A8A8-AB16388FC595}.Debug|Any CPU.ActiveCfg = Debug|Any CPU
		{113F1C88-32BC-42E0-A8A8-AB16388FC595}.Debug|Any CPU.Build.0 = Debug|Any CPU
		{113F1C88-32BC-42E0-A8A8-AB16388FC595}.Release|Any CPU.ActiveCfg = Release|Any CPU
		{113F1C88-32BC-42E0-A8A8-AB16388FC595}.Release|Any CPU.Build.0 = Release|Any CPU
	EndGlobalSection
	GlobalSection(SolutionProperties) = preSolution
		HideSolutionNode = FALSE
	EndGlobalSection
	GlobalSection(ExtensibilityGlobals) = postSolution
		SolutionGuid = {5C278EF5-1B73-4871-9992-7CC15D2DC99D}
	EndGlobalSection
EndGlobal
